hash: 4441a8114e4ef5c60df9fdcef47a574b40b3a803a873c5aae2fa14a15688495a
updated: 2018-01-17T16:40:08.063037879-05:00
imports:
- name: github.com/gobwas/glob
  version: bea32b9cd2d6f55753d94a28e959b13f0244797a
  subpackages:
  - compiler
  - match
  - syntax
  - syntax/ast
  - syntax/lexer
  - util/runes
  - util/strings
testImports: []
